// !$*UTF8*$!
{
	archiveVersion = 1;
	classes = {
	};
	objectVersion = 56;
	objects = {

/* Begin PBXBuildFile section */
		039107F22ADF3954000B5898 /* DetailViewController.swift in Sources */ = {isa = PBXBuildFile; fileRef = 039107F12ADF3954000B5898 /* DetailViewController.swift */; };
		03A536E82ADF1E6B0019E4BC /* AppDelegate.swift in Sources */ = {isa = PBXBuildFile; fileRef = 03A536E72ADF1E6B0019E4BC /* AppDelegate.swift */; };
		03A536EA2ADF1E6B0019E4BC /* SceneDelegate.swift in Sources */ = {isa = PBXBuildFile; fileRef = 03A536E92ADF1E6B0019E4BC /* SceneDelegate.swift */; };
		03A536EC2ADF1E6B0019E4BC /* ViewController.swift in Sources */ = {isa = PBXBuildFile; fileRef = 03A536EB2ADF1E6B0019E4BC /* ViewController.swift */; };
		03A536EF2ADF1E6B0019E4BC /* Main.storyboard in Resources */ = {isa = PBXBuildFile; fileRef = 03A536ED2ADF1E6B0019E4BC /* Main.storyboard */; };
		03A536F12ADF1E6E0019E4BC /* Assets.xcassets in Resources */ = {isa = PBXBuildFile; fileRef = 03A536F02ADF1E6E0019E4BC /* Assets.xcassets */; };
		03A536F42ADF1E6E0019E4BC /* LaunchScreen.storyboard in Resources */ = {isa = PBXBuildFile; fileRef = 03A536F22ADF1E6E0019E4BC /* LaunchScreen.storyboard */; };
		03A536FF2ADF1E6E0019E4BC /* Taller1Tests.swift in Sources */ = {isa = PBXBuildFile; fileRef = 03A536FE2ADF1E6E0019E4BC /* Taller1Tests.swift */; };
		03A537092ADF1E6F0019E4BC /* Taller1UITests.swift in Sources */ = {isa = PBXBuildFile; fileRef = 03A537082ADF1E6F0019E4BC /* Taller1UITests.swift */; };
		03A5370B2ADF1E6F0019E4BC /* Taller1UITestsLaunchTests.swift in Sources */ = {isa = PBXBuildFile; fileRef = 03A5370A2ADF1E6F0019E4BC /* Taller1UITestsLaunchTests.swift */; };
/* End PBXBuildFile section */

/* Begin PBXContainerItemProxy section */
		03A536FB2ADF1E6E0019E4BC /* PBXContainerItemProxy */ = {
			isa = PBXContainerItemProxy;
			containerPortal = 03A536DC2ADF1E6B0019E4BC /* Project object */;
			proxyType = 1;
			remoteGlobalIDString = 03A536E32ADF1E6B0019E4BC;
			remoteInfo = Taller1;
		};
		03A537052ADF1E6F0019E4BC /* PBXContainerItemProxy */ = {
			isa = PBXContainerItemProxy;
			containerPortal = 03A536DC2ADF1E6B0019E4BC /* Project object */;
			proxyType = 1;
			remoteGlobalIDString = 03A536E32ADF1E6B0019E4BC;
			remoteInfo = Taller1;
		};
/* End PBXContainerItemProxy section */

/* Begin PBXFileReference section */
		039107F12ADF3954000B5898 /* DetailViewController.swift */ = {isa = PBXFileReference; lastKnownFileType = sourcecode.swift; path = DetailViewController.swift; sourceTree = "<group>"; };
		03A536E42ADF1E6B0019E4BC /* Taller1.app */ = {isa = PBXFileReference; explicitFileType = wrapper.application; includeInIndex = 0; path = Taller1.app; sourceTree = BUILT_PRODUCTS_DIR; };
		03A536E72ADF1E6B0019E4BC /* AppDelegate.swift */ = {isa = PBXFileReference; lastKnownFileType = sourcecode.swift; path = AppDelegate.swift; sourceTree = "<group>"; };
		03A536E92ADF1E6B0019E4BC /* SceneDelegate.swift */ = {isa = PBXFileReference; lastKnownFileType = sourcecode.swift; path = SceneDelegate.swift; sourceTree = "<group>"; };
		03A536EB2ADF1E6B0019E4BC /* ViewController.swift */ = {isa = PBXFileReference; lastKnownFileType = sourcecode.swift; path = ViewController.swift; sourceTree = "<group>"; };
		03A536EE2ADF1E6B0019E4BC /* Base */ = {isa = PBXFileReference; lastKnownFileType = file.storyboard; name = Base; path = Base.lproj/Main.storyboard; sourceTree = "<group>"; };
		03A536F02ADF1E6E0019E4BC /* Assets.xcassets */ = {isa = PBXFileReference; lastKnownFileType = folder.assetcatalog; path = Assets.xcassets; sourceTree = "<group>"; };
		03A536F32ADF1E6E0019E4BC /* Base */ = {isa = PBXFileReference; lastKnownFileType = file.storyboard; name = Base; path = Base.lproj/LaunchScreen.storyboard; sourceTree = "<group>"; };
		03A536F52ADF1E6E0019E4BC /* Info.plist */ = {isa = PBXFileReference; lastKnownFileType = text.plist.xml; path = Info.plist; sourceTree = "<group>"; };
		03A536FA2ADF1E6E0019E4BC /* Taller1Tests.xctest */ = {isa = PBXFileReference; explicitFileType = wrapper.cfbundle; includeInIndex = 0; path = Taller1Tests.xctest; sourceTree = BUILT_PRODUCTS_DIR; };
		03A536FE2ADF1E6E0019E4BC /* Taller1Tests.swift */ = {isa = PBXFileReference; lastKnownFileType = sourcecode.swift; path = Taller1Tests.swift; sourceTree = "<group>"; };
		03A537042ADF1E6F0019E4BC /* Taller1UITests.xctest */ = {isa = PBXFileReference; explicitFileType = wrapper.cfbundle; includeInIndex = 0; path = Taller1UITests.xctest; sourceTree = BUILT_PRODUCTS_DIR; };
		03A537082ADF1E6F0019E4BC /* Taller1UITests.swift */ = {isa = PBXFileReference; lastKnownFileType = sourcecode.swift; path = Taller1UITests.swift; sourceTree = "<group>"; };
		03A5370A2ADF1E6F0019E4BC /* Taller1UITestsLaunchTests.swift */ = {isa = PBXFileReference; lastKnownFileType = sourcecode.swift; path = Taller1UITestsLaunchTests.swift; sourceTree = "<group>"; };
/* End PBXFileReference section */

/* Begin PBXFrameworksBuildPhase section */
		03A536E12ADF1E6B0019E4BC /* Frameworks */ = {
			isa = PBXFrameworksBuildPhase;
			buildActionMask = 2147483647;
			files = (
			);
			runOnlyForDeploymentPostprocessing = 0;
		};
		03A536F72ADF1E6E0019E4BC /* Frameworks */ = {
			isa = PBXFrameworksBuildPhase;
			buildActionMask = 2147483647;
			files = (
			);
			runOnlyForDeploymentPostprocessing = 0;
		};
		03A537012ADF1E6F0019E4BC /* Frameworks */ = {
			isa = PBXFrameworksBuildPhase;
			buildActionMask = 2147483647;
			files = (
			);
			runOnlyForDeploymentPostprocessing = 0;
		};
/* End PBXFrameworksBuildPhase section */

/* Begin PBXGroup section */
		03A536DB2ADF1E6B0019E4BC = {
			isa = PBXGroup;
			children = (
				03A536E62ADF1E6B0019E4BC /* Taller1 */,
				03A536FD2ADF1E6E0019E4BC /* Taller1Tests */,
				03A537072ADF1E6F0019E4BC /* Taller1UITests */,
				03A536E52ADF1E6B0019E4BC /* Products */,
			);
			sourceTree = "<group>";
		};
		03A536E52ADF1E6B0019E4BC /* Products */ = {
			isa = PBXGroup;
			children = (
				03A536E42ADF1E6B0019E4BC /* Taller1.app */,
				03A536FA2ADF1E6E0019E4BC /* Taller1Tests.xctest */,
				03A537042ADF1E6F0019E4BC /* Taller1UITests.xctest */,
			);
			name = Products;
			sourceTree = "<group>";
		};
		03A536E62ADF1E6B0019E4BC /* Taller1 */ = {
			isa = PBXGroup;
			children = (
				03A536E72ADF1E6B0019E4BC /* AppDelegate.swift */,
				03A536E92ADF1E6B0019E4BC /* SceneDelegate.swift */,
				03A536EB2ADF1E6B0019E4BC /* ViewController.swift */,
				039107F12ADF3954000B5898 /* DetailViewController.swift */,
				03A536ED2ADF1E6B0019E4BC /* Main.storyboard */,
				03A536F02ADF1E6E0019E4BC /* Assets.xcassets */,
				03A536F22ADF1E6E0019E4BC /* LaunchScreen.storyboard */,
				03A536F52ADF1E6E0019E4BC /* Info.plist */,
			);
			path = Taller1;
			sourceTree = "<group>";
		};
		03A536FD2ADF1E6E0019E4BC /* Taller1Tests */ = {
			isa = PBXGroup;
			children = (
				03A536FE2ADF1E6E0019E4BC /* Taller1Tests.swift */,
			);
			path = Taller1Tests;
			sourceTree = "<group>";
		};
		03A537072ADF1E6F0019E4BC /* Taller1UITests */ = {
			isa = PBXGroup;
			children = (
				03A537082ADF1E6F0019E4BC /* Taller1UITests.swift */,
				03A5370A2ADF1E6F0019E4BC /* Taller1UITestsLaunchTests.swift */,
			);
			path = Taller1UITests;
			sourceTree = "<group>";
		};
/* End PBXGroup section */

/* Begin PBXNativeTarget section */
		03A536E32ADF1E6B0019E4BC /* Taller1 */ = {
			isa = PBXNativeTarget;
			buildConfigurationList = 03A5370E2ADF1E6F0019E4BC /* Build configuration list for PBXNativeTarget "Taller1" */;
			buildPhases = (
				03A536E02ADF1E6B0019E4BC /* Sources */,
				03A536E12ADF1E6B0019E4BC /* Frameworks */,
				03A536E22ADF1E6B0019E4BC /* Resources */,
			);
			buildRules = (
			);
			dependencies = (
			);
			name = Taller1;
			productName = Taller1;
			productReference = 03A536E42ADF1E6B0019E4BC /* Taller1.app */;
			productType = "com.apple.product-type.application";
		};
		03A536F92ADF1E6E0019E4BC /* Taller1Tests */ = {
			isa = PBXNativeTarget;
			buildConfigurationList = 03A537112ADF1E6F0019E4BC /* Build configuration list for PBXNativeTarget "Taller1Tests" */;
			buildPhases = (
				03A536F62ADF1E6E0019E4BC /* Sources */,
				03A536F72ADF1E6E0019E4BC /* Frameworks */,
				03A536F82ADF1E6E0019E4BC /* Resources */,
			);
			buildRules = (
			);
			dependencies = (
				03A536FC2ADF1E6E0019E4BC /* PBXTargetDependency */,
			);
			name = Taller1Tests;
			productName = Taller1Tests;
			productReference = 03A536FA2ADF1E6E0019E4BC /* Taller1Tests.xctest */;
			productType = "com.apple.product-type.bundle.unit-test";
		};
		03A537032ADF1E6F0019E4BC /* Taller1UITests */ = {
			isa = PBXNativeTarget;
			buildConfigurationList = 03A537142ADF1E6F0019E4BC /* Build configuration list for PBXNativeTarget "Taller1UITests" */;
			buildPhases = (
				03A537002ADF1E6F0019E4BC /* Sources */,
				03A537012ADF1E6F0019E4BC /* Frameworks */,
				03A537022ADF1E6F0019E4BC /* Resources */,
			);
			buildRules = (
			);
			dependencies = (
				03A537062ADF1E6F0019E4BC /* PBXTargetDependency */,
			);
			name = Taller1UITests;
			productName = Taller1UITests;
			productReference = 03A537042ADF1E6F0019E4BC /* Taller1UITests.xctest */;
			productType = "com.apple.product-type.bundle.ui-testing";
		};
/* End PBXNativeTarget section */

/* Begin PBXProject section */
		03A536DC2ADF1E6B0019E4BC /* Project object */ = {
			isa = PBXProject;
			attributes = {
				BuildIndependentTargetsInParallel = 1;
				LastSwiftUpdateCheck = 1420;
				LastUpgradeCheck = 1420;
				TargetAttributes = {
					03A536E32ADF1E6B0019E4BC = {
						CreatedOnToolsVersion = 14.2;
					};
					03A536F92ADF1E6E0019E4BC = {
						CreatedOnToolsVersion = 14.2;
						TestTargetID = 03A536E32ADF1E6B0019E4BC;
					};
					03A537032ADF1E6F0019E4BC = {
						CreatedOnToolsVersion = 14.2;
						TestTargetID = 03A536E32ADF1E6B0019E4BC;
					};
				};
			};
			buildConfigurationList = 03A536DF2ADF1E6B0019E4BC /* Build configuration list for PBXProject "Taller1" */;
			compatibilityVersion = "Xcode 14.0";
			developmentRegion = en;
			hasScannedForEncodings = 0;
			knownRegions = (
				en,
				Base,
			);
			mainGroup = 03A536DB2ADF1E6B0019E4BC;
			productRefGroup = 03A536E52ADF1E6B0019E4BC /* Products */;
			projectDirPath = "";
			projectRoot = "";
			targets = (
				03A536E32ADF1E6B0019E4BC /* Taller1 */,
				03A536F92ADF1E6E0019E4BC /* Taller1Tests */,
				03A537032ADF1E6F0019E4BC /* Taller1UITests */,
			);
		};
/* End PBXProject section */

/* Begin PBXResourcesBuildPhase section */
		03A536E22ADF1E6B0019E4BC /* Resources */ = {
			isa = PBXResourcesBuildPhase;
			buildActionMask = 2147483647;
			files = (
				03A536F42ADF1E6E0019E4BC /* LaunchScreen.storyboard in Resources */,
				03A536F12ADF1E6E0019E4BC /* Assets.xcassets in Resources */,
				03A536EF2ADF1E6B0019E4BC /* Main.storyboard in Resources */,
			);
			runOnlyForDeploymentPostprocessing = 0;
		};
		03A536F82ADF1E6E0019E4BC /* Resources */ = {
			isa = PBXResourcesBuildPhase;
			buildActionMask = 2147483647;
			files = (
			);
			runOnlyForDeploymentPostprocessing = 0;
		};
		03A537022ADF1E6F0019E4BC /* Resources */ = {
			isa = PBXResourcesBuildPhase;
			buildActionMask = 2147483647;
			files = (
			);
			runOnlyForDeploymentPostprocessing = 0;
		};
/* End PBXResourcesBuildPhase section */

/* Begin PBXSourcesBuildPhase section */
		03A536E02ADF1E6B0019E4BC /* Sources */ = {
			isa = PBXSourcesBuildPhase;
			buildActionMask = 2147483647;
			files = (
				03A536EC2ADF1E6B0019E4BC /* ViewController.swift in Sources */,
				03A536E82ADF1E6B0019E4BC /* AppDelegate.swift in Sources */,
				03A536EA2ADF1E6B0019E4BC /* SceneDelegate.swift in Sources */,
				039107F22ADF3954000B5898 /* DetailViewController.swift in Sources */,
			);
			runOnlyForDeploymentPostprocessing = 0;
		};
		03A536F62ADF1E6E0019E4BC /* Sources */ = {
			isa = PBXSourcesBuildPhase;
			buildActionMask = 2147483647;
			files = (
				03A536FF2ADF1E6E0019E4BC /* Taller1Tests.swift in Sources */,
			);
			runOnlyForDeploymentPostprocessing = 0;
		};
		03A537002ADF1E6F0019E4BC /* Sources */ = {
			isa = PBXSourcesBuildPhase;
			buildActionMask = 2147483647;
			files = (
				03A5370B2ADF1E6F0019E4BC /* Taller1UITestsLaunchTests.swift in Sources */,
				03A537092ADF1E6F0019E4BC /* Taller1UITests.swift in Sources */,
			);
			runOnlyForDeploymentPostprocessing = 0;
		};
/* End PBXSourcesBuildPhase section */

/* Begin PBXTargetDependency section */
		03A536FC2ADF1E6E0019E4BC /* PBXTargetDependency */ = {
			isa = PBXTargetDependency;
			target = 03A536E32ADF1E6B0019E4BC /* Taller1 */;
			targetProxy = 03A536FB2ADF1E6E0019E4BC /* PBXContainerItemProxy */;
		};
		03A537062ADF1E6F0019E4BC /* PBXTargetDependency */ = {
			isa = PBXTargetDependency;
			target = 03A536E32ADF1E6B0019E4BC /* Taller1 */;
			targetProxy = 03A537052ADF1E6F0019E4BC /* PBXContainerItemProxy */;
		};
/* End PBXTargetDependency section */

/* Begin PBXVariantGroup section */
		03A536ED2ADF1E6B0019E4BC /* Main.storyboard */ = {
			isa = PBXVariantGroup;
			children = (
				03A536EE2ADF1E6B0019E4BC /* Base */,
			);
			name = Main.storyboard;
			sourceTree = "<group>";
		};
		03A536F22ADF1E6E0019E4BC /* LaunchScreen.storyboard */ = {
			isa = PBXVariantGroup;
			children = (
				03A536F32ADF1E6E0019E4BC /* Base */,
			);
			name = LaunchScreen.storyboard;
			sourceTree = "<group>";
		};
/* End PBXVariantGroup section */

/* Begin XCBuildConfiguration section */
		03A5370C2ADF1E6F0019E4BC /* Debug */ = {
			isa = XCBuildConfiguration;
			buildSettings = {
				ALWAYS_SEARCH_USER_PATHS = NO;
				CLANG_ANALYZER_NONNULL = YES;
				CLANG_ANALYZER_NUMBER_OBJECT_CONVERSION = YES_AGGRESSIVE;
				CLANG_CXX_LANGUAGE_STANDARD = "gnu++20";
				CLANG_ENABLE_MODULES = YES;
				CLANG_ENABLE_OBJC_ARC = YES;
				CLANG_ENABLE_OBJC_WEAK = YES;
				CLANG_WARN_BLOCK_CAPTURE_AUTORELEASING = YES;
				CLANG_WARN_BOOL_CONVERSION = YES;
				CLANG_WARN_COMMA = YES;
				CLANG_WARN_CONSTANT_CONVERSION = YES;
				CLANG_WARN_DEPRECATED_OBJC_IMPLEMENTATIONS = YES;
				CLANG_WARN_DIRECT_OBJC_ISA_USAGE = YES_ERROR;
				CLANG_WARN_DOCUMENTATION_COMMENTS = YES;
				CLANG_WARN_EMPTY_BODY = YES;
				CLANG_WARN_ENUM_CONVERSION = YES;
				CLANG_WARN_INFINITE_RECURSION = YES;
				CLANG_WARN_INT_CONVERSION = YES;
				CLANG_WARN_NON_LITERAL_NULL_CONVERSION = YES;
				CLANG_WARN_OBJC_IMPLICIT_RETAIN_SELF = YES;
				CLANG_WARN_OBJC_LITERAL_CONVERSION = YES;
				CLANG_WARN_OBJC_ROOT_CLASS = YES_ERROR;
				CLANG_WARN_QUOTED_INCLUDE_IN_FRAMEWORK_HEADER = YES;
				CLANG_WARN_RANGE_LOOP_ANALYSIS = YES;
				CLANG_WARN_STRICT_PROTOTYPES = YES;
				CLANG_WARN_SUSPICIOUS_MOVE = YES;
				CLANG_WARN_UNGUARDED_AVAILABILITY = YES_AGGRESSIVE;
				CLANG_WARN_UNREACHABLE_CODE = YES;
				CLANG_WARN__DUPLICATE_METHOD_MATCH = YES;
				COPY_PHASE_STRIP = NO;
				DEBUG_INFORMATION_FORMAT = dwarf;
				ENABLE_STRICT_OBJC_MSGSEND = YES;
				ENABLE_TESTABILITY = YES;
				GCC_C_LANGUAGE_STANDARD = gnu11;
				GCC_DYNAMIC_NO_PIC = NO;
				GCC_NO_COMMON_BLOCKS = YES;
				GCC_OPTIMIZATION_LEVEL = 0;
				GCC_PREPROCESSOR_DEFINITIONS = (
					"DEBUG=1",
					"$(inherited)",
				);
				GCC_WARN_64_TO_32_BIT_CONVERSION = YES;
				GCC_WARN_ABOUT_RETURN_TYPE = YES_ERROR;
				GCC_WARN_UNDECLARED_SELECTOR = YES;
				GCC_WARN_UNINITIALIZED_AUTOS = YES_AGGRESSIVE;
				GCC_WARN_UNUSED_FUNCTION = YES;
				GCC_WARN_UNUSED_VARIABLE = YES;
				IPHONEOS_DEPLOYMENT_TARGET = 16.2;
				MTL_ENABLE_DEBUG_INFO = INCLUDE_SOURCE;
				MTL_FAST_MATH = YES;
				ONLY_ACTIVE_ARCH = YES;
				SDKROOT = iphoneos;
				SWIFT_ACTIVE_COMPILATION_CONDITIONS = DEBUG;
				SWIFT_OPTIMIZATION_LEVEL = "-Onone";
			};
			name = Debug;
		};
		03A5370D2ADF1E6F0019E4BC /* Release */ = {
			isa = XCBuildConfiguration;
			buildSettings = {
				ALWAYS_SEARCH_USER_PATHS = NO;
				CLANG_ANALYZER_NONNULL = YES;
				CLANG_ANALYZER_NUMBER_OBJECT_CONVERSION = YES_AGGRESSIVE;
				CLANG_CXX_LANGUAGE_STANDARD = "gnu++20";
				CLANG_ENABLE_MODULES = YES;
				CLANG_ENABLE_OBJC_ARC = YES;
				CLANG_ENABLE_OBJC_WEAK = YES;
				CLANG_WARN_BLOCK_CAPTURE_AUTORELEASING = YES;
				CLANG_WARN_BOOL_CONVERSION = YES;
				CLANG_WARN_COMMA = YES;
				CLANG_WARN_CONSTANT_CONVERSION = YES;
				CLANG_WARN_DEPRECATED_OBJC_IMPLEMENTATIONS = YES;
				CLANG_WARN_DIRECT_OBJC_ISA_USAGE = YES_ERROR;
				CLANG_WARN_DOCUMENTATION_COMMENTS = YES;
				CLANG_WARN_EMPTY_BODY = YES;
				CLANG_WARN_ENUM_CONVERSION = YES;
				CLANG_WARN_INFINITE_RECURSION = YES;
				CLANG_WARN_INT_CONVERSION = YES;
				CLANG_WARN_NON_LITERAL_NULL_CONVERSION = YES;
				CLANG_WARN_OBJC_IMPLICIT_RETAIN_SELF = YES;
				CLANG_WARN_OBJC_LITERAL_CONVERSION = YES;
				CLANG_WARN_OBJC_ROOT_CLASS = YES_ERROR;
				CLANG_WARN_QUOTED_INCLUDE_IN_FRAMEWORK_HEADER = YES;
				CLANG_WARN_RANGE_LOOP_ANALYSIS = YES;
				CLANG_WARN_STRICT_PROTOTYPES = YES;
				CLANG_WARN_SUSPICIOUS_MOVE = YES;
				CLANG_WARN_UNGUARDED_AVAILABILITY = YES_AGGRESSIVE;
				CLANG_WARN_UNREACHABLE_CODE = YES;
				CLANG_WARN__DUPLICATE_METHOD_MATCH = YES;
				COPY_PHASE_STRIP = NO;
				DEBUG_INFORMATION_FORMAT = "dwarf-with-dsym";
				ENABLE_NS_ASSERTIONS = NO;
				ENABLE_STRICT_OBJC_MSGSEND = YES;
				GCC_C_LANGUAGE_STANDARD = gnu11;
				GCC_NO_COMMON_BLOCKS = YES;
				GCC_WARN_64_TO_32_BIT_CONVERSION = YES;
				GCC_WARN_ABOUT_RETURN_TYPE = YES_ERROR;
				GCC_WARN_UNDECLARED_SELECTOR = YES;
				GCC_WARN_UNINITIALIZED_AUTOS = YES_AGGRESSIVE;
				GCC_WARN_UNUSED_FUNCTION = YES;
				GCC_WARN_UNUSED_VARIABLE = YES;
				IPHONEOS_DEPLOYMENT_TARGET = 16.2;
				MTL_ENABLE_DEBUG_INFO = NO;
				MTL_FAST_MATH = YES;
				SDKROOT = iphoneos;
				SWIFT_COMPILATION_MODE = wholemodule;
				SWIFT_OPTIMIZATION_LEVEL = "-O";
				VALIDATE_PRODUCT = YES;
			};
			name = Release;
		};
		03A5370F2ADF1E6F0019E4BC /* Debug */ = {
			isa = XCBuildConfiguration;
			buildSettings = {
				ASSETCATALOG_COMPILER_APPICON_NAME = AppIcon;
				ASSETCATALOG_COMPILER_GLOBAL_ACCENT_COLOR_NAME = AccentColor;
				CODE_SIGN_STYLE = Automatic;
				CURRENT_PROJECT_VERSION = 1;
				DEVELOPMENT_TEAM = 3PSZ52FSUV;
				GENERATE_INFOPLIST_FILE = YES;
				INFOPLIST_FILE = Taller1/Info.plist;
				INFOPLIST_KEY_UIApplicationSupportsIndirectInputEvents = YES;
				INFOPLIST_KEY_UILaunchStoryboardName = LaunchScreen;
				INFOPLIST_KEY_UIMainStoryboardFile = Main;
				INFOPLIST_KEY_UISupportedInterfaceOrientations_iPad = "UIInterfaceOrientationPortrait UIInterfaceOrientationPortraitUpsideDown UIInterfaceOrientationLandscapeLeft UIInterfaceOrientationLandscapeRight";
				INFOPLIST_KEY_UISupportedInterfaceOrientations_iPhone = "UIInterfaceOrientationPortrait UIInterfaceOrientationLandscapeLeft UIInterfaceOrientationLandscapeRight";
				LD_RUNPATH_SEARCH_PATHS = (
					"$(inherited)",
					"@executable_path/Frameworks",
				);
				MARKETING_VERSION = 1.0;
				PRODUCT_BUNDLE_IDENTIFIER = com.achango.Taller1;
				PRODUCT_NAME = "$(TARGET_NAME)";
				SWIFT_EMIT_LOC_STRINGS = YES;
				SWIFT_VERSION = 5.0;
				TARGETED_DEVICE_FAMILY = "1,2";
			};
			name = Debug;
		};
		03A537102ADF1E6F0019E4BC /* Release */ = {
			isa = XCBuildConfiguration;
			buildSettings = {
				ASSETCATALOG_COMPILER_APPICON_NAME = AppIcon;
				ASSETCATALOG_COMPILER_GLOBAL_ACCENT_COLOR_NAME = AccentColor;
				CODE_SIGN_STYLE = Automatic;
				CURRENT_PROJECT_VERSION = 1;
				DEVELOPMENT_TEAM = 3PSZ52FSUV;
				GENERATE_INFOPLIST_FILE = YES;
				INFOPLIST_FILE = Taller1/Info.plist;
				INFOPLIST_KEY_UIApplicationSupportsIndirectInputEvents = YES;
				INFOPLIST_KEY_UILaunchStoryboardName = LaunchScreen;
				INFOPLIST_KEY_UIMainStoryboardFile = Main;
				INFOPLIST_KEY_UISupportedInterfaceOrientations_iPad = "UIInterfaceOrientationPortrait UIInterfaceOrientationPortraitUpsideDown UIInterfaceOrientationLandscapeLeft UIInterfaceOrientationLandscapeRight";
				INFOPLIST_KEY_UISupportedInterfaceOrientations_iPhone = "UIInterfaceOrientationPortrait UIInterfaceOrientationLandscapeLeft UIInterfaceOrientationLandscapeRight";
				LD_RUNPATH_SEARCH_PATHS = (
					"$(inherited)",
					"@executable_path/Frameworks",
				);
				MARKETING_VERSION = 1.0;
				PRODUCT_BUNDLE_IDENTIFIER = com.achango.Taller1;
				PRODUCT_NAME = "$(TARGET_NAME)";
				SWIFT_EMIT_LOC_STRINGS = YES;
				SWIFT_VERSION = 5.0;
				TARGETED_DEVICE_FAMILY = "1,2";
			};
			name = Release;
		};
		03A537122ADF1E6F0019E4BC /* Debug */ = {
			isa = XCBuildConfiguration;
			buildSettings = {
				ALWAYS_EMBED_SWIFT_STANDARD_LIBRARIES = YES;
				BUNDLE_LOADER = "$(TEST_HOST)";
				CODE_SIGN_STYLE = Automatic;
				CURRENT_PROJECT_VERSION = 1;
				DEVELOPMENT_TEAM = 3PSZ52FSUV;
				GENERATE_INFOPLIST_FILE = YES;
				IPHONEOS_DEPLOYMENT_TARGET = 16.2;
				MARKETING_VERSION = 1.0;
				PRODUCT_BUNDLE_IDENTIFIER = com.achango.Taller1Tests;
				PRODUCT_NAME = "$(TARGET_NAME)";
				SWIFT_EMIT_LOC_STRINGS = NO;
				SWIFT_VERSION = 5.0;
				TARGETED_DEVICE_FAMILY = "1,2";
				TEST_HOST = "$(BUILT_PRODUCTS_DIR)/Taller1.app/$(BUNDLE_EXECUTABLE_FOLDER_PATH)/Taller1";
			};
			name = Debug;
		};
		03A537132ADF1E6F0019E4BC /* Release */ = {
			isa = XCBuildConfiguration;
			buildSettings = {
				ALWAYS_EMBED_SWIFT_STANDARD_LIBRARIES = YES;
				BUNDLE_LOADER = "$(TEST_HOST)";
				CODE_SIGN_STYLE = Automatic;
				CURRENT_PROJECT_VERSION = 1;
				DEVELOPMENT_TEAM = 3PSZ52FSUV;
				GENERATE_INFOPLIST_FILE = YES;
				IPHONEOS_DEPLOYMENT_TARGET = 16.2;
				MARKETING_VERSION = 1.0;
				PRODUCT_BUNDLE_IDENTIFIER = com.achango.Taller1Tests;
				PRODUCT_NAME = "$(TARGET_NAME)";
				SWIFT_EMIT_LOC_STRINGS = NO;
				SWIFT_VERSION = 5.0;
				TARGETED_DEVICE_FAMILY = "1,2";
				TEST_HOST = "$(BUILT_PRODUCTS_DIR)/Taller1.app/$(BUNDLE_EXECUTABLE_FOLDER_PATH)/Taller1";
			};
			name = Release;
		};
		03A537152ADF1E6F0019E4BC /* Debug */ = {
			isa = XCBuildConfiguration;
			buildSettings = {
				ALWAYS_EMBED_SWIFT_STANDARD_LIBRARIES = YES;
				CODE_SIGN_STYLE = Automatic;
				CURRENT_PROJECT_VERSION = 1;
				DEVELOPMENT_TEAM = 3PSZ52FSUV;
				GENERATE_INFOPLIST_FILE = YES;
				MARKETING_VERSION = 1.0;
				PRODUCT_BUNDLE_IDENTIFIER = com.achango.Taller1UITests;
				PRODUCT_NAME = "$(TARGET_NAME)";
				SWIFT_EMIT_LOC_STRINGS = NO;
				SWIFT_VERSION = 5.0;
				TARGETED_DEVICE_FAMILY = "1,2";
				TEST_TARGET_NAME = Taller1;
			};
			name = Debug;
		};
		03A537162ADF1E6F0019E4BC /* Release */ = {
			isa = XCBuildConfiguration;
			buildSettings = {
				ALWAYS_EMBED_SWIFT_STANDARD_LIBRARIES = YES;
				CODE_SIGN_STYLE = Automatic;
				CURRENT_PROJECT_VERSION = 1;
				DEVELOPMENT_TEAM = 3PSZ52FSUV;
				GENERATE_INFOPLIST_FILE = YES;
				MARKETING_VERSION = 1.0;
				PRODUCT_BUNDLE_IDENTIFIER = com.achango.Taller1UITests;
				PRODUCT_NAME = "$(TARGET_NAME)";
				SWIFT_EMIT_LOC_STRINGS = NO;
				SWIFT_VERSION = 5.0;
				TARGETED_DEVICE_FAMILY = "1,2";
				TEST_TARGET_NAME = Taller1;
			};
			name = Release;
		};
/* End XCBuildConfiguration section */

/* Begin XCConfigurationList section */
		03A536DF2ADF1E6B0019E4BC /* Build configuration list for PBXProject "Taller1" */ = {
			isa = XCConfigurationList;
			buildConfigurations = (
				03A5370C2ADF1E6F0019E4BC /* Debug */,
				03A5370D2ADF1E6F0019E4BC /* Release */,
			);
			defaultConfigurationIsVisible = 0;
			defaultConfigurationName = Release;
		};
		03A5370E2ADF1E6F0019E4BC /* Build configuration list for PBXNativeTarget "Taller1" */ = {
			isa = XCConfigurationList;
			buildConfigurations = (
				03A5370F2ADF1E6F0019E4BC /* Debug */,
				03A537102ADF1E6F0019E4BC /* Release */,
			);
			defaultConfigurationIsVisible = 0;
			defaultConfigurationName = Release;
		};
		03A537112ADF1E6F0019E4BC /* Build configuration list for PBXNativeTarget "Taller1Tests" */ = {
			isa = XCConfigurationList;
			buildConfigurations = (
				03A537122ADF1E6F0019E4BC /* Debug */,
				03A537132ADF1E6F0019E4BC /* Release */,
			);
			defaultConfigurationIsVisible = 0;
			defaultConfigurationName = Release;
		};
		03A537142ADF1E6F0019E4BC /* Build configuration list for PBXNativeTarget "Taller1UITests" */ = {
			isa = XCConfigurationList;
			buildConfigurations = (
				03A537152ADF1E6F0019E4BC /* Debug */,
				03A537162ADF1E6F0019E4BC /* Release */,
			);
			defaultConfigurationIsVisible = 0;
			defaultConfigurationName = Release;
		};
/* End XCConfigurationList section */
	};
	rootObject = 03A536DC2ADF1E6B0019E4BC /* Project object */;
}
