// !$*UTF8*$!
{
	archiveVersion = 1;
	classes = {
	};
	objectVersion = 56;
	objects = {

/* Begin PBXBuildFile section */
		0348DCD32AF2B3F400A5324F /* AppDelegate.swift in Sources */ = {isa = PBXBuildFile; fileRef = 0348DCD22AF2B3F400A5324F /* AppDelegate.swift */; };
		0348DCD52AF2B3F400A5324F /* SceneDelegate.swift in Sources */ = {isa = PBXBuildFile; fileRef = 0348DCD42AF2B3F400A5324F /* SceneDelegate.swift */; };
		0348DCD72AF2B3F400A5324F /* ViewController.swift in Sources */ = {isa = PBXBuildFile; fileRef = 0348DCD62AF2B3F400A5324F /* ViewController.swift */; };
		0348DCDA2AF2B3F400A5324F /* Main.storyboard in Resources */ = {isa = PBXBuildFile; fileRef = 0348DCD82AF2B3F400A5324F /* Main.storyboard */; };
		0348DCDC2AF2B3F600A5324F /* Assets.xcassets in Resources */ = {isa = PBXBuildFile; fileRef = 0348DCDB2AF2B3F600A5324F /* Assets.xcassets */; };
		0348DCDF2AF2B3F600A5324F /* LaunchScreen.storyboard in Resources */ = {isa = PBXBuildFile; fileRef = 0348DCDD2AF2B3F600A5324F /* LaunchScreen.storyboard */; };
		0348DCF42AF2DB8200A5324F /* HelloPuce in Frameworks */ = {isa = PBXBuildFile; productRef = 0348DCF32AF2DB8200A5324F /* HelloPuce */; };
		0348DCF72AF2EA5200A5324F /* MyLibrary in Frameworks */ = {isa = PBXBuildFile; productRef = 0348DCF62AF2EA5200A5324F /* MyLibrary */; };
/* End PBXBuildFile section */

/* Begin PBXFileReference section */
		0348DCCF2AF2B3F400A5324F /* Dependencias.app */ = {isa = PBXFileReference; explicitFileType = wrapper.application; includeInIndex = 0; path = Dependencias.app; sourceTree = BUILT_PRODUCTS_DIR; };
		0348DCD22AF2B3F400A5324F /* AppDelegate.swift */ = {isa = PBXFileReference; lastKnownFileType = sourcecode.swift; path = AppDelegate.swift; sourceTree = "<group>"; };
		0348DCD42AF2B3F400A5324F /* SceneDelegate.swift */ = {isa = PBXFileReference; lastKnownFileType = sourcecode.swift; path = SceneDelegate.swift; sourceTree = "<group>"; };
		0348DCD62AF2B3F400A5324F /* ViewController.swift */ = {isa = PBXFileReference; lastKnownFileType = sourcecode.swift; path = ViewController.swift; sourceTree = "<group>"; };
		0348DCD92AF2B3F400A5324F /* Base */ = {isa = PBXFileReference; lastKnownFileType = file.storyboard; name = Base; path = Base.lproj/Main.storyboard; sourceTree = "<group>"; };
		0348DCDB2AF2B3F600A5324F /* Assets.xcassets */ = {isa = PBXFileReference; lastKnownFileType = folder.assetcatalog; path = Assets.xcassets; sourceTree = "<group>"; };
		0348DCDE2AF2B3F600A5324F /* Base */ = {isa = PBXFileReference; lastKnownFileType = file.storyboard; name = Base; path = Base.lproj/LaunchScreen.storyboard; sourceTree = "<group>"; };
		0348DCE02AF2B3F600A5324F /* Info.plist */ = {isa = PBXFileReference; lastKnownFileType = text.plist.xml; path = Info.plist; sourceTree = "<group>"; };
		0348DCEF2AF2CAD500A5324F /* HelloPuce */ = {isa = PBXFileReference; lastKnownFileType = wrapper; name = HelloPuce; path = ../HelloPuce; sourceTree = "<group>"; };
		0348DCF52AF2EA3200A5324F /* MyLibrary */ = {isa = PBXFileReference; lastKnownFileType = wrapper; name = MyLibrary; path = ../MyLibrary; sourceTree = "<group>"; };
/* End PBXFileReference section */

/* Begin PBXFrameworksBuildPhase section */
		0348DCCC2AF2B3F400A5324F /* Frameworks */ = {
			isa = PBXFrameworksBuildPhase;
			buildActionMask = 2147483647;
			files = (
				0348DCF72AF2EA5200A5324F /* MyLibrary in Frameworks */,
				0348DCF42AF2DB8200A5324F /* HelloPuce in Frameworks */,
			);
			runOnlyForDeploymentPostprocessing = 0;
		};
/* End PBXFrameworksBuildPhase section */

/* Begin PBXGroup section */
		0348DCC62AF2B3F400A5324F = {
			isa = PBXGroup;
			children = (
				0348DCE92AF2C59300A5324F /* Packages */,
				0348DCD12AF2B3F400A5324F /* Dependencias */,
				0348DCD02AF2B3F400A5324F /* Products */,
				0348DCF02AF2D1BD00A5324F /* Frameworks */,
			);
			sourceTree = "<group>";
		};
		0348DCD02AF2B3F400A5324F /* Products */ = {
			isa = PBXGroup;
			children = (
				0348DCCF2AF2B3F400A5324F /* Dependencias.app */,
			);
			name = Products;
			sourceTree = "<group>";
		};
		0348DCD12AF2B3F400A5324F /* Dependencias */ = {
			isa = PBXGroup;
			children = (
				0348DCD22AF2B3F400A5324F /* AppDelegate.swift */,
				0348DCD42AF2B3F400A5324F /* SceneDelegate.swift */,
				0348DCD62AF2B3F400A5324F /* ViewController.swift */,
				0348DCD82AF2B3F400A5324F /* Main.storyboard */,
				0348DCDB2AF2B3F600A5324F /* Assets.xcassets */,
				0348DCDD2AF2B3F600A5324F /* LaunchScreen.storyboard */,
				0348DCE02AF2B3F600A5324F /* Info.plist */,
			);
			path = Dependencias;
			sourceTree = "<group>";
		};
		0348DCE92AF2C59300A5324F /* Packages */ = {
			isa = PBXGroup;
			children = (
				0348DCEF2AF2CAD500A5324F /* HelloPuce */,
				0348DCF52AF2EA3200A5324F /* MyLibrary */,
			);
			name = Packages;
			sourceTree = "<group>";
		};
		0348DCF02AF2D1BD00A5324F /* Frameworks */ = {
			isa = PBXGroup;
			children = (
			);
			name = Frameworks;
			sourceTree = "<group>";
		};
/* End PBXGroup section */

/* Begin PBXNativeTarget section */
		0348DCCE2AF2B3F400A5324F /* Dependencias */ = {
			isa = PBXNativeTarget;
			buildConfigurationList = 0348DCE32AF2B3F600A5324F /* Build configuration list for PBXNativeTarget "Dependencias" */;
			buildPhases = (
				0348DCCB2AF2B3F400A5324F /* Sources */,
				0348DCCC2AF2B3F400A5324F /* Frameworks */,
				0348DCCD2AF2B3F400A5324F /* Resources */,
			);
			buildRules = (
			);
			dependencies = (
			);
			name = Dependencias;
			packageProductDependencies = (
				0348DCF32AF2DB8200A5324F /* HelloPuce */,
				0348DCF62AF2EA5200A5324F /* MyLibrary */,
			);
			productName = Dependencias;
			productReference = 0348DCCF2AF2B3F400A5324F /* Dependencias.app */;
			productType = "com.apple.product-type.application";
		};
/* End PBXNativeTarget section */

/* Begin PBXProject section */
		0348DCC72AF2B3F400A5324F /* Project object */ = {
			isa = PBXProject;
			attributes = {
				BuildIndependentTargetsInParallel = 1;
				LastSwiftUpdateCheck = 1420;
				LastUpgradeCheck = 1420;
				TargetAttributes = {
					0348DCCE2AF2B3F400A5324F = {
						CreatedOnToolsVersion = 14.2;
					};
				};
			};
			buildConfigurationList = 0348DCCA2AF2B3F400A5324F /* Build configuration list for PBXProject "Dependencias" */;
			compatibilityVersion = "Xcode 14.0";
			developmentRegion = en;
			hasScannedForEncodings = 0;
			knownRegions = (
				en,
				Base,
			);
			mainGroup = 0348DCC62AF2B3F400A5324F;
			packageReferences = (
			);
			productRefGroup = 0348DCD02AF2B3F400A5324F /* Products */;
			projectDirPath = "";
			projectRoot = "";
			targets = (
				0348DCCE2AF2B3F400A5324F /* Dependencias */,
			);
		};
/* End PBXProject section */

/* Begin PBXResourcesBuildPhase section */
		0348DCCD2AF2B3F400A5324F /* Resources */ = {
			isa = PBXResourcesBuildPhase;
			buildActionMask = 2147483647;
			files = (
				0348DCDF2AF2B3F600A5324F /* LaunchScreen.storyboard in Resources */,
				0348DCDC2AF2B3F600A5324F /* Assets.xcassets in Resources */,
				0348DCDA2AF2B3F400A5324F /* Main.storyboard in Resources */,
			);
			runOnlyForDeploymentPostprocessing = 0;
		};
/* End PBXResourcesBuildPhase section */

/* Begin PBXSourcesBuildPhase section */
		0348DCCB2AF2B3F400A5324F /* Sources */ = {
			isa = PBXSourcesBuildPhase;
			buildActionMask = 2147483647;
			files = (
				0348DCD72AF2B3F400A5324F /* ViewController.swift in Sources */,
				0348DCD32AF2B3F400A5324F /* AppDelegate.swift in Sources */,
				0348DCD52AF2B3F400A5324F /* SceneDelegate.swift in Sources */,
			);
			runOnlyForDeploymentPostprocessing = 0;
		};
/* End PBXSourcesBuildPhase section */

/* Begin PBXVariantGroup section */
		0348DCD82AF2B3F400A5324F /* Main.storyboard */ = {
			isa = PBXVariantGroup;
			children = (
				0348DCD92AF2B3F400A5324F /* Base */,
			);
			name = Main.storyboard;
			sourceTree = "<group>";
		};
		0348DCDD2AF2B3F600A5324F /* LaunchScreen.storyboard */ = {
			isa = PBXVariantGroup;
			children = (
				0348DCDE2AF2B3F600A5324F /* Base */,
			);
			name = LaunchScreen.storyboard;
			sourceTree = "<group>";
		};
/* End PBXVariantGroup section */

/* Begin XCBuildConfiguration section */
		0348DCE12AF2B3F600A5324F /* Debug */ = {
			isa = XCBuildConfiguration;
			buildSettings = {
				ALWAYS_SEARCH_USER_PATHS = NO;
				CLANG_ANALYZER_NONNULL = YES;
				CLANG_ANALYZER_NUMBER_OBJECT_CONVERSION = YES_AGGRESSIVE;
				CLANG_CXX_LANGUAGE_STANDARD = "gnu++20";
				CLANG_ENABLE_MODULES = YES;
				CLANG_ENABLE_OBJC_ARC = YES;
				CLANG_ENABLE_OBJC_WEAK = YES;
				CLANG_WARN_BLOCK_CAPTURE_AUTORELEASING = YES;
				CLANG_WARN_BOOL_CONVERSION = YES;
				CLANG_WARN_COMMA = YES;
				CLANG_WARN_CONSTANT_CONVERSION = YES;
				CLANG_WARN_DEPRECATED_OBJC_IMPLEMENTATIONS = YES;
				CLANG_WARN_DIRECT_OBJC_ISA_USAGE = YES_ERROR;
				CLANG_WARN_DOCUMENTATION_COMMENTS = YES;
				CLANG_WARN_EMPTY_BODY = YES;
				CLANG_WARN_ENUM_CONVERSION = YES;
				CLANG_WARN_INFINITE_RECURSION = YES;
				CLANG_WARN_INT_CONVERSION = YES;
				CLANG_WARN_NON_LITERAL_NULL_CONVERSION = YES;
				CLANG_WARN_OBJC_IMPLICIT_RETAIN_SELF = YES;
				CLANG_WARN_OBJC_LITERAL_CONVERSION = YES;
				CLANG_WARN_OBJC_ROOT_CLASS = YES_ERROR;
				CLANG_WARN_QUOTED_INCLUDE_IN_FRAMEWORK_HEADER = YES;
				CLANG_WARN_RANGE_LOOP_ANALYSIS = YES;
				CLANG_WARN_STRICT_PROTOTYPES = YES;
				CLANG_WARN_SUSPICIOUS_MOVE = YES;
				CLANG_WARN_UNGUARDED_AVAILABILITY = YES_AGGRESSIVE;
				CLANG_WARN_UNREACHABLE_CODE = YES;
				CLANG_WARN__DUPLICATE_METHOD_MATCH = YES;
				COPY_PHASE_STRIP = NO;
				DEBUG_INFORMATION_FORMAT = dwarf;
				ENABLE_STRICT_OBJC_MSGSEND = YES;
				ENABLE_TESTABILITY = YES;
				GCC_C_LANGUAGE_STANDARD = gnu11;
				GCC_DYNAMIC_NO_PIC = NO;
				GCC_NO_COMMON_BLOCKS = YES;
				GCC_OPTIMIZATION_LEVEL = 0;
				GCC_PREPROCESSOR_DEFINITIONS = (
					"DEBUG=1",
					"$(inherited)",
				);
				GCC_WARN_64_TO_32_BIT_CONVERSION = YES;
				GCC_WARN_ABOUT_RETURN_TYPE = YES_ERROR;
				GCC_WARN_UNDECLARED_SELECTOR = YES;
				GCC_WARN_UNINITIALIZED_AUTOS = YES_AGGRESSIVE;
				GCC_WARN_UNUSED_FUNCTION = YES;
				GCC_WARN_UNUSED_VARIABLE = YES;
				IPHONEOS_DEPLOYMENT_TARGET = 16.2;
				MTL_ENABLE_DEBUG_INFO = INCLUDE_SOURCE;
				MTL_FAST_MATH = YES;
				ONLY_ACTIVE_ARCH = YES;
				SDKROOT = iphoneos;
				SWIFT_ACTIVE_COMPILATION_CONDITIONS = DEBUG;
				SWIFT_OPTIMIZATION_LEVEL = "-Onone";
			};
			name = Debug;
		};
		0348DCE22AF2B3F600A5324F /* Release */ = {
			isa = XCBuildConfiguration;
			buildSettings = {
				ALWAYS_SEARCH_USER_PATHS = NO;
				CLANG_ANALYZER_NONNULL = YES;
				CLANG_ANALYZER_NUMBER_OBJECT_CONVERSION = YES_AGGRESSIVE;
				CLANG_CXX_LANGUAGE_STANDARD = "gnu++20";
				CLANG_ENABLE_MODULES = YES;
				CLANG_ENABLE_OBJC_ARC = YES;
				CLANG_ENABLE_OBJC_WEAK = YES;
				CLANG_WARN_BLOCK_CAPTURE_AUTORELEASING = YES;
				CLANG_WARN_BOOL_CONVERSION = YES;
				CLANG_WARN_COMMA = YES;
				CLANG_WARN_CONSTANT_CONVERSION = YES;
				CLANG_WARN_DEPRECATED_OBJC_IMPLEMENTATIONS = YES;
				CLANG_WARN_DIRECT_OBJC_ISA_USAGE = YES_ERROR;
				CLANG_WARN_DOCUMENTATION_COMMENTS = YES;
				CLANG_WARN_EMPTY_BODY = YES;
				CLANG_WARN_ENUM_CONVERSION = YES;
				CLANG_WARN_INFINITE_RECURSION = YES;
				CLANG_WARN_INT_CONVERSION = YES;
				CLANG_WARN_NON_LITERAL_NULL_CONVERSION = YES;
				CLANG_WARN_OBJC_IMPLICIT_RETAIN_SELF = YES;
				CLANG_WARN_OBJC_LITERAL_CONVERSION = YES;
				CLANG_WARN_OBJC_ROOT_CLASS = YES_ERROR;
				CLANG_WARN_QUOTED_INCLUDE_IN_FRAMEWORK_HEADER = YES;
				CLANG_WARN_RANGE_LOOP_ANALYSIS = YES;
				CLANG_WARN_STRICT_PROTOTYPES = YES;
				CLANG_WARN_SUSPICIOUS_MOVE = YES;
				CLANG_WARN_UNGUARDED_AVAILABILITY = YES_AGGRESSIVE;
				CLANG_WARN_UNREACHABLE_CODE = YES;
				CLANG_WARN__DUPLICATE_METHOD_MATCH = YES;
				COPY_PHASE_STRIP = NO;
				DEBUG_INFORMATION_FORMAT = "dwarf-with-dsym";
				ENABLE_NS_ASSERTIONS = NO;
				ENABLE_STRICT_OBJC_MSGSEND = YES;
				GCC_C_LANGUAGE_STANDARD = gnu11;
				GCC_NO_COMMON_BLOCKS = YES;
				GCC_WARN_64_TO_32_BIT_CONVERSION = YES;
				GCC_WARN_ABOUT_RETURN_TYPE = YES_ERROR;
				GCC_WARN_UNDECLARED_SELECTOR = YES;
				GCC_WARN_UNINITIALIZED_AUTOS = YES_AGGRESSIVE;
				GCC_WARN_UNUSED_FUNCTION = YES;
				GCC_WARN_UNUSED_VARIABLE = YES;
				IPHONEOS_DEPLOYMENT_TARGET = 16.2;
				MTL_ENABLE_DEBUG_INFO = NO;
				MTL_FAST_MATH = YES;
				SDKROOT = iphoneos;
				SWIFT_COMPILATION_MODE = wholemodule;
				SWIFT_OPTIMIZATION_LEVEL = "-O";
				VALIDATE_PRODUCT = YES;
			};
			name = Release;
		};
		0348DCE42AF2B3F600A5324F /* Debug */ = {
			isa = XCBuildConfiguration;
			buildSettings = {
				ASSETCATALOG_COMPILER_APPICON_NAME = AppIcon;
				ASSETCATALOG_COMPILER_GLOBAL_ACCENT_COLOR_NAME = AccentColor;
				CODE_SIGN_STYLE = Automatic;
				CURRENT_PROJECT_VERSION = 1;
				DEVELOPMENT_TEAM = 3PSZ52FSUV;
				GENERATE_INFOPLIST_FILE = YES;
				INFOPLIST_FILE = Dependencias/Info.plist;
				INFOPLIST_KEY_UIApplicationSupportsIndirectInputEvents = YES;
				INFOPLIST_KEY_UILaunchStoryboardName = LaunchScreen;
				INFOPLIST_KEY_UIMainStoryboardFile = Main;
				INFOPLIST_KEY_UISupportedInterfaceOrientations_iPad = "UIInterfaceOrientationPortrait UIInterfaceOrientationPortraitUpsideDown UIInterfaceOrientationLandscapeLeft UIInterfaceOrientationLandscapeRight";
				INFOPLIST_KEY_UISupportedInterfaceOrientations_iPhone = "UIInterfaceOrientationPortrait UIInterfaceOrientationLandscapeLeft UIInterfaceOrientationLandscapeRight";
				LD_RUNPATH_SEARCH_PATHS = (
					"$(inherited)",
					"@executable_path/Frameworks",
				);
				MARKETING_VERSION = 1.0;
				PRODUCT_BUNDLE_IDENTIFIER = com.achango.Dependencias;
				PRODUCT_NAME = "$(TARGET_NAME)";
				SWIFT_EMIT_LOC_STRINGS = YES;
				SWIFT_VERSION = 5.0;
				TARGETED_DEVICE_FAMILY = "1,2";
			};
			name = Debug;
		};
		0348DCE52AF2B3F600A5324F /* Release */ = {
			isa = XCBuildConfiguration;
			buildSettings = {
				ASSETCATALOG_COMPILER_APPICON_NAME = AppIcon;
				ASSETCATALOG_COMPILER_GLOBAL_ACCENT_COLOR_NAME = AccentColor;
				CODE_SIGN_STYLE = Automatic;
				CURRENT_PROJECT_VERSION = 1;
				DEVELOPMENT_TEAM = 3PSZ52FSUV;
				GENERATE_INFOPLIST_FILE = YES;
				INFOPLIST_FILE = Dependencias/Info.plist;
				INFOPLIST_KEY_UIApplicationSupportsIndirectInputEvents = YES;
				INFOPLIST_KEY_UILaunchStoryboardName = LaunchScreen;
				INFOPLIST_KEY_UIMainStoryboardFile = Main;
				INFOPLIST_KEY_UISupportedInterfaceOrientations_iPad = "UIInterfaceOrientationPortrait UIInterfaceOrientationPortraitUpsideDown UIInterfaceOrientationLandscapeLeft UIInterfaceOrientationLandscapeRight";
				INFOPLIST_KEY_UISupportedInterfaceOrientations_iPhone = "UIInterfaceOrientationPortrait UIInterfaceOrientationLandscapeLeft UIInterfaceOrientationLandscapeRight";
				LD_RUNPATH_SEARCH_PATHS = (
					"$(inherited)",
					"@executable_path/Frameworks",
				);
				MARKETING_VERSION = 1.0;
				PRODUCT_BUNDLE_IDENTIFIER = com.achango.Dependencias;
				PRODUCT_NAME = "$(TARGET_NAME)";
				SWIFT_EMIT_LOC_STRINGS = YES;
				SWIFT_VERSION = 5.0;
				TARGETED_DEVICE_FAMILY = "1,2";
			};
			name = Release;
		};
/* End XCBuildConfiguration section */

/* Begin XCConfigurationList section */
		0348DCCA2AF2B3F400A5324F /* Build configuration list for PBXProject "Dependencias" */ = {
			isa = XCConfigurationList;
			buildConfigurations = (
				0348DCE12AF2B3F600A5324F /* Debug */,
				0348DCE22AF2B3F600A5324F /* Release */,
			);
			defaultConfigurationIsVisible = 0;
			defaultConfigurationName = Release;
		};
		0348DCE32AF2B3F600A5324F /* Build configuration list for PBXNativeTarget "Dependencias" */ = {
			isa = XCConfigurationList;
			buildConfigurations = (
				0348DCE42AF2B3F600A5324F /* Debug */,
				0348DCE52AF2B3F600A5324F /* Release */,
			);
			defaultConfigurationIsVisible = 0;
			defaultConfigurationName = Release;
		};
/* End XCConfigurationList section */

/* Begin XCSwiftPackageProductDependency section */
		0348DCF32AF2DB8200A5324F /* HelloPuce */ = {
			isa = XCSwiftPackageProductDependency;
			productName = HelloPuce;
		};
		0348DCF62AF2EA5200A5324F /* MyLibrary */ = {
			isa = XCSwiftPackageProductDependency;
			productName = MyLibrary;
		};
/* End XCSwiftPackageProductDependency section */
	};
	rootObject = 0348DCC72AF2B3F400A5324F /* Project object */;
}
