{
  "object": {
    "pins": [
      {
        "package": "swift-figlet",
        "repositoryURL": "https://github.com/apple/example-package-figlet",
        "state": {
          "branch": "main",
          "revision": "166eef46de0b094d6d1966e749f727d6c4beba0e",
          "version": null
        }
      }
    ]
  },
  "version": 1
}
